
Microsoft Visual Studio Solution File, Format Version 12.00
# Visual Studio 2013
VisualStudioVersion = 12.0.31101.0
MinimumVisualStudioVersion = 10.0.40219.1
Project("{FAE04EC0-301F-11D3-BF4B-00C04F79EFBC}") = "FirstProblem", "FirstProblem\FirstProblem.csproj", "{F941F768-A866-4122-85CF-6E91E401A442}"
EndProject
Project("{FAE04EC0-301F-11D3-BF4B-00C04F79EFBC}") = "SecondProblem", "SecondProblem\SecondProblem.csproj", "{6D6C77F2-5B51-46EC-88AE-783995F01393}"
EndProject
Project("{FAE04EC0-301F-11D3-BF4B-00C04F79EFBC}") = "ThirdProblem", "ThirdProblem\ThirdProblem.csproj", "{B986E444-A85A-47DD-ABB4-79D13D101A33}"
EndProject
Project("{FAE04EC0-301F-11D3-BF4B-00C04F79EFBC}") = "ConsoleApplication1", "ConsoleApplication1\ConsoleApplication1.csproj", "{C0EC6226-4CA3-4562-9E2E-696CC512F098}"
EndProject
Global
	GlobalSection(SolutionConfigurationPlatforms) = preSolution
		Debug|Any CPU = Debug|Any CPU
		Release|Any CPU = Release|Any CPU
	EndGlobalSection
	GlobalSection(ProjectConfigurationPlatforms) = postSolution
		{F941F768-A866-4122-85CF-6E91E401A442}.Debug|Any CPU.ActiveCfg = Debug|Any CPU
		{F941F768-A866-4122-85CF-6E91E401A442}.Debug|Any CPU.Build.0 = Debug|Any CPU
		{F941F768-A866-4122-85CF-6E91E401A442}.Release|Any CPU.ActiveCfg = Release|Any CPU
		{F941F768-A866-4122-85CF-6E91E401A442}.Release|Any CPU.Build.0 = Release|Any CPU
		{6D6C77F2-5B51-46EC-88AE-783995F01393}.Debug|Any CPU.ActiveCfg = Debug|Any CPU
		{6D6C77F2-5B51-46EC-88AE-783995F01393}.Debug|Any CPU.Build.0 = Debug|Any CPU
		{6D6C77F2-5B51-46EC-88AE-783995F01393}.Release|Any CPU.ActiveCfg = Release|Any CPU
		{6D6C77F2-5B51-46EC-88AE-783995F01393}.Release|Any CPU.Build.0 = Release|Any CPU
		{B986E444-A85A-47DD-ABB4-79D13D101A33}.Debug|Any CPU.ActiveCfg = Debug|Any CPU
		{B986E444-A85A-47DD-ABB4-79D13D101A33}.Debug|Any CPU.Build.0 = Debug|Any CPU
		{B986E444-A85A-47DD-ABB4-79D13D101A33}.Release|Any CPU.ActiveCfg = Release|Any CPU
		{B986E444-A85A-47DD-ABB4-79D13D101A33}.Release|Any CPU.Build.0 = Release|Any CPU
		{C0EC6226-4CA3-4562-9E2E-696CC512F098}.Debug|Any CPU.ActiveCfg = Debug|Any CPU
		{C0EC6226-4CA3-4562-9E2E-696CC512F098}.Debug|Any CPU.Build.0 = Debug|Any CPU
		{C0EC6226-4CA3-4562-9E2E-696CC512F098}.Release|Any CPU.ActiveCfg = Release|Any CPU
		{C0EC6226-4CA3-4562-9E2E-696CC512F098}.Release|Any CPU.Build.0 = Release|Any CPU
	EndGlobalSection
	GlobalSection(SolutionProperties) = preSolution
		HideSolutionNode = FALSE
	EndGlobalSection
EndGlobal
