
Microsoft Visual Studio Solution File, Format Version 12.00
# Visual Studio 2013
VisualStudioVersion = 12.0.31101.0
MinimumVisualStudioVersion = 10.0.40219.1
Project("{FAE04EC0-301F-11D3-BF4B-00C04F79EFBC}") = "01-SquareRoot", "SquareRoot\01-SquareRoot.csproj", "{7320EB86-7C22-4FAF-9B8E-5F3905EE97DB}"
EndProject
Project("{FAE04EC0-301F-11D3-BF4B-00C04F79EFBC}") = "02-EnterNumbers", "EnterNumbers\02-EnterNumbers.csproj", "{E1A70000-5CA6-49D9-A108-3942BB1DA8D9}"
EndProject
Project("{FAE04EC0-301F-11D3-BF4B-00C04F79EFBC}") = "03-ReadFileContents", "ReadFileContents\03-ReadFileContents.csproj", "{123277D1-0DC3-4C37-9AA3-06C55F8948AD}"
EndProject
Project("{FAE04EC0-301F-11D3-BF4B-00C04F79EFBC}") = "04-DownloadFile", "DownloadFile\04-DownloadFile.csproj", "{F266DF3E-0874-410D-BD60-911FAD032D75}"
EndProject
Global
	GlobalSection(SolutionConfigurationPlatforms) = preSolution
		Debug|Any CPU = Debug|Any CPU
		Release|Any CPU = Release|Any CPU
	EndGlobalSection
	GlobalSection(ProjectConfigurationPlatforms) = postSolution
		{7320EB86-7C22-4FAF-9B8E-5F3905EE97DB}.Debug|Any CPU.ActiveCfg = Debug|Any CPU
		{7320EB86-7C22-4FAF-9B8E-5F3905EE97DB}.Debug|Any CPU.Build.0 = Debug|Any CPU
		{7320EB86-7C22-4FAF-9B8E-5F3905EE97DB}.Release|Any CPU.ActiveCfg = Release|Any CPU
		{7320EB86-7C22-4FAF-9B8E-5F3905EE97DB}.Release|Any CPU.Build.0 = Release|Any CPU
		{E1A70000-5CA6-49D9-A108-3942BB1DA8D9}.Debug|Any CPU.ActiveCfg = Debug|Any CPU
		{E1A70000-5CA6-49D9-A108-3942BB1DA8D9}.Debug|Any CPU.Build.0 = Debug|Any CPU
		{E1A70000-5CA6-49D9-A108-3942BB1DA8D9}.Release|Any CPU.ActiveCfg = Release|Any CPU
		{E1A70000-5CA6-49D9-A108-3942BB1DA8D9}.Release|Any CPU.Build.0 = Release|Any CPU
		{123277D1-0DC3-4C37-9AA3-06C55F8948AD}.Debug|Any CPU.ActiveCfg = Debug|Any CPU
		{123277D1-0DC3-4C37-9AA3-06C55F8948AD}.Debug|Any CPU.Build.0 = Debug|Any CPU
		{123277D1-0DC3-4C37-9AA3-06C55F8948AD}.Release|Any CPU.ActiveCfg = Release|Any CPU
		{123277D1-0DC3-4C37-9AA3-06C55F8948AD}.Release|Any CPU.Build.0 = Release|Any CPU
		{F266DF3E-0874-410D-BD60-911FAD032D75}.Debug|Any CPU.ActiveCfg = Debug|Any CPU
		{F266DF3E-0874-410D-BD60-911FAD032D75}.Debug|Any CPU.Build.0 = Debug|Any CPU
		{F266DF3E-0874-410D-BD60-911FAD032D75}.Release|Any CPU.ActiveCfg = Release|Any CPU
		{F266DF3E-0874-410D-BD60-911FAD032D75}.Release|Any CPU.Build.0 = Release|Any CPU
	EndGlobalSection
	GlobalSection(SolutionProperties) = preSolution
		HideSolutionNode = FALSE
	EndGlobalSection
EndGlobal
