
Microsoft Visual Studio Solution File, Format Version 12.00
# Visual Studio 2013
VisualStudioVersion = 12.0.31101.0
MinimumVisualStudioVersion = 10.0.40219.1
Project("{FAE04EC0-301F-11D3-BF4B-00C04F79EFBC}") = "01.LoremIpsumPage", "LoremIpsumPage\01.LoremIpsumPage.csproj", "{A662DA86-ED23-4956-A90A-A8F9BD68CB5B}"
EndProject
Project("{FAE04EC0-301F-11D3-BF4B-00C04F79EFBC}") = "02.ForumPosts", "ForumPosts\02.ForumPosts.csproj", "{7E63FC9F-D4EC-48E4-A238-307913AF762D}"
EndProject
Project("{FAE04EC0-301F-11D3-BF4B-00C04F79EFBC}") = "03.NestedDivs", "NestedDivs\03.NestedDivs.csproj", "{52540DC3-EB5A-453E-8E32-66F3982FD53E}"
EndProject
Project("{FAE04EC0-301F-11D3-BF4B-00C04F79EFBC}") = "04.WindowsCalculator", "WindowsCalculator\04.WindowsCalculator.csproj", "{70CFB447-37EE-4CBD-A21C-4838B92AB271}"
EndProject
Global
	GlobalSection(SolutionConfigurationPlatforms) = preSolution
		Debug|Any CPU = Debug|Any CPU
		Release|Any CPU = Release|Any CPU
	EndGlobalSection
	GlobalSection(ProjectConfigurationPlatforms) = postSolution
		{A662DA86-ED23-4956-A90A-A8F9BD68CB5B}.Debug|Any CPU.ActiveCfg = Debug|Any CPU
		{A662DA86-ED23-4956-A90A-A8F9BD68CB5B}.Debug|Any CPU.Build.0 = Debug|Any CPU
		{A662DA86-ED23-4956-A90A-A8F9BD68CB5B}.Release|Any CPU.ActiveCfg = Release|Any CPU
		{A662DA86-ED23-4956-A90A-A8F9BD68CB5B}.Release|Any CPU.Build.0 = Release|Any CPU
		{7E63FC9F-D4EC-48E4-A238-307913AF762D}.Debug|Any CPU.ActiveCfg = Debug|Any CPU
		{7E63FC9F-D4EC-48E4-A238-307913AF762D}.Debug|Any CPU.Build.0 = Debug|Any CPU
		{7E63FC9F-D4EC-48E4-A238-307913AF762D}.Release|Any CPU.ActiveCfg = Release|Any CPU
		{7E63FC9F-D4EC-48E4-A238-307913AF762D}.Release|Any CPU.Build.0 = Release|Any CPU
		{52540DC3-EB5A-453E-8E32-66F3982FD53E}.Debug|Any CPU.ActiveCfg = Debug|Any CPU
		{52540DC3-EB5A-453E-8E32-66F3982FD53E}.Debug|Any CPU.Build.0 = Debug|Any CPU
		{52540DC3-EB5A-453E-8E32-66F3982FD53E}.Release|Any CPU.ActiveCfg = Release|Any CPU
		{52540DC3-EB5A-453E-8E32-66F3982FD53E}.Release|Any CPU.Build.0 = Release|Any CPU
		{70CFB447-37EE-4CBD-A21C-4838B92AB271}.Debug|Any CPU.ActiveCfg = Debug|Any CPU
		{70CFB447-37EE-4CBD-A21C-4838B92AB271}.Debug|Any CPU.Build.0 = Debug|Any CPU
		{70CFB447-37EE-4CBD-A21C-4838B92AB271}.Release|Any CPU.ActiveCfg = Release|Any CPU
		{70CFB447-37EE-4CBD-A21C-4838B92AB271}.Release|Any CPU.Build.0 = Release|Any CPU
	EndGlobalSection
	GlobalSection(SolutionProperties) = preSolution
		HideSolutionNode = FALSE
	EndGlobalSection
EndGlobal
