
Microsoft Visual Studio Solution File, Format Version 12.00
# Visual Studio 2013
VisualStudioVersion = 12.0.31101.0
MinimumVisualStudioVersion = 10.0.40219.1
Project("{FAE04EC0-301F-11D3-BF4B-00C04F79EFBC}") = "01-Zerg-NumericSystem", "Zerg\01-Zerg-NumericSystem.csproj", "{C2BD1300-81B1-4563-BCC3-6A2EE5E3744D}"
EndProject
Project("{FAE04EC0-301F-11D3-BF4B-00C04F79EFBC}") = "02-MovingLetter - EncodeDecode", "MovingLetter - EncodeDecode\02-MovingLetter - EncodeDecode.csproj", "{5EC96754-08E1-44E6-A8EE-BB6F5611CE29}"
EndProject
Project("{FAE04EC0-301F-11D3-BF4B-00C04F79EFBC}") = "04-EncryptAndEncode", "EncryptAndEncode\04-EncryptAndEncode.csproj", "{F877BF21-563E-486B-A47C-FD0A1B13D459}"
EndProject
Global
	GlobalSection(SolutionConfigurationPlatforms) = preSolution
		Debug|Any CPU = Debug|Any CPU
		Release|Any CPU = Release|Any CPU
	EndGlobalSection
	GlobalSection(ProjectConfigurationPlatforms) = postSolution
		{C2BD1300-81B1-4563-BCC3-6A2EE5E3744D}.Debug|Any CPU.ActiveCfg = Debug|Any CPU
		{C2BD1300-81B1-4563-BCC3-6A2EE5E3744D}.Debug|Any CPU.Build.0 = Debug|Any CPU
		{C2BD1300-81B1-4563-BCC3-6A2EE5E3744D}.Release|Any CPU.ActiveCfg = Release|Any CPU
		{C2BD1300-81B1-4563-BCC3-6A2EE5E3744D}.Release|Any CPU.Build.0 = Release|Any CPU
		{5EC96754-08E1-44E6-A8EE-BB6F5611CE29}.Debug|Any CPU.ActiveCfg = Debug|Any CPU
		{5EC96754-08E1-44E6-A8EE-BB6F5611CE29}.Debug|Any CPU.Build.0 = Debug|Any CPU
		{5EC96754-08E1-44E6-A8EE-BB6F5611CE29}.Release|Any CPU.ActiveCfg = Release|Any CPU
		{5EC96754-08E1-44E6-A8EE-BB6F5611CE29}.Release|Any CPU.Build.0 = Release|Any CPU
		{F877BF21-563E-486B-A47C-FD0A1B13D459}.Debug|Any CPU.ActiveCfg = Debug|Any CPU
		{F877BF21-563E-486B-A47C-FD0A1B13D459}.Debug|Any CPU.Build.0 = Debug|Any CPU
		{F877BF21-563E-486B-A47C-FD0A1B13D459}.Release|Any CPU.ActiveCfg = Release|Any CPU
		{F877BF21-563E-486B-A47C-FD0A1B13D459}.Release|Any CPU.Build.0 = Release|Any CPU
	EndGlobalSection
	GlobalSection(SolutionProperties) = preSolution
		HideSolutionNode = FALSE
	EndGlobalSection
EndGlobal
