
Microsoft Visual Studio Solution File, Format Version 12.00
# Visual Studio 2013
VisualStudioVersion = 12.0.31101.0
MinimumVisualStudioVersion = 10.0.40219.1
Project("{FAE04EC0-301F-11D3-BF4B-00C04F79EFBC}") = "StringBuilderSubstring", "StringBuilderSubstring\StringBuilderSubstring.csproj", "{0689FDEA-D796-4A95-AD59-C2B9B54E77A4}"
EndProject
Project("{FAE04EC0-301F-11D3-BF4B-00C04F79EFBC}") = "StudentSystem", "StudentSystem\StudentSystem.csproj", "{B9541FBB-46F5-4E18-BFF9-E4981695C05D}"
EndProject
Project("{FAE04EC0-301F-11D3-BF4B-00C04F79EFBC}") = "Numbers", "Numbers\Numbers.csproj", "{6AF778F4-26E0-47CD-9F22-6C988E761702}"
EndProject
Global
	GlobalSection(SolutionConfigurationPlatforms) = preSolution
		Debug|Any CPU = Debug|Any CPU
		Release|Any CPU = Release|Any CPU
	EndGlobalSection
	GlobalSection(ProjectConfigurationPlatforms) = postSolution
		{0689FDEA-D796-4A95-AD59-C2B9B54E77A4}.Debug|Any CPU.ActiveCfg = Debug|Any CPU
		{0689FDEA-D796-4A95-AD59-C2B9B54E77A4}.Debug|Any CPU.Build.0 = Debug|Any CPU
		{0689FDEA-D796-4A95-AD59-C2B9B54E77A4}.Release|Any CPU.ActiveCfg = Release|Any CPU
		{0689FDEA-D796-4A95-AD59-C2B9B54E77A4}.Release|Any CPU.Build.0 = Release|Any CPU
		{B9541FBB-46F5-4E18-BFF9-E4981695C05D}.Debug|Any CPU.ActiveCfg = Debug|Any CPU
		{B9541FBB-46F5-4E18-BFF9-E4981695C05D}.Debug|Any CPU.Build.0 = Debug|Any CPU
		{B9541FBB-46F5-4E18-BFF9-E4981695C05D}.Release|Any CPU.ActiveCfg = Release|Any CPU
		{B9541FBB-46F5-4E18-BFF9-E4981695C05D}.Release|Any CPU.Build.0 = Release|Any CPU
		{6AF778F4-26E0-47CD-9F22-6C988E761702}.Debug|Any CPU.ActiveCfg = Debug|Any CPU
		{6AF778F4-26E0-47CD-9F22-6C988E761702}.Debug|Any CPU.Build.0 = Debug|Any CPU
		{6AF778F4-26E0-47CD-9F22-6C988E761702}.Release|Any CPU.ActiveCfg = Release|Any CPU
		{6AF778F4-26E0-47CD-9F22-6C988E761702}.Release|Any CPU.Build.0 = Release|Any CPU
	EndGlobalSection
	GlobalSection(SolutionProperties) = preSolution
		HideSolutionNode = FALSE
	EndGlobalSection
EndGlobal
