
Microsoft Visual Studio Solution File, Format Version 12.00
# Visual Studio 2013
VisualStudioVersion = 12.0.31101.0
MinimumVisualStudioVersion = 10.0.40219.1
Project("{FAE04EC0-301F-11D3-BF4B-00C04F79EFBC}") = "01-FirstTask-Doncho", "FirstTask\01-FirstTask-Doncho.csproj", "{9421D59E-9922-43A9-8B54-ABB83F6BA55D}"
EndProject
Project("{FAE04EC0-301F-11D3-BF4B-00C04F79EFBC}") = "01-FirstTask-Ivo", "FirstTask-Ivo\01-FirstTask-Ivo.csproj", "{63E324BE-43FE-4697-A5A9-78EC08387565}"
EndProject
Project("{FAE04EC0-301F-11D3-BF4B-00C04F79EFBC}") = "02-SecondTask-Doncho", "SecondTask\02-SecondTask-Doncho.csproj", "{3832B703-A12D-4789-A020-93397A958E89}"
EndProject
Project("{FAE04EC0-301F-11D3-BF4B-00C04F79EFBC}") = "03-ThrirdTask-Doncho", "ThrirdTask\03-ThrirdTask-Doncho.csproj", "{49402976-A3DB-40DB-8792-09DF9E5C2A7C}"
EndProject
Project("{FAE04EC0-301F-11D3-BF4B-00C04F79EFBC}") = "02-SecondTask-Ivo", "SecondTask - Ivo\02-SecondTask-Ivo.csproj", "{601EBF96-CAD6-4203-B950-AF95B81AD2DF}"
EndProject
Project("{FAE04EC0-301F-11D3-BF4B-00C04F79EFBC}") = "03-ThirdTask-Ivo", "ThirdTask-Ivo\03-ThirdTask-Ivo.csproj", "{5DAB2754-93BB-4062-AA23-46E92D904EB8}"
EndProject
Project("{FAE04EC0-301F-11D3-BF4B-00C04F79EFBC}") = "HTML-Templates-Demo", "HTML-Templates-Demo\HTML-Templates-Demo.csproj", "{C839413E-54B6-4815-B0B4-51D54A03D4BC}"
EndProject
Global
	GlobalSection(SolutionConfigurationPlatforms) = preSolution
		Debug|Any CPU = Debug|Any CPU
		Release|Any CPU = Release|Any CPU
	EndGlobalSection
	GlobalSection(ProjectConfigurationPlatforms) = postSolution
		{9421D59E-9922-43A9-8B54-ABB83F6BA55D}.Debug|Any CPU.ActiveCfg = Debug|Any CPU
		{9421D59E-9922-43A9-8B54-ABB83F6BA55D}.Debug|Any CPU.Build.0 = Debug|Any CPU
		{9421D59E-9922-43A9-8B54-ABB83F6BA55D}.Release|Any CPU.ActiveCfg = Release|Any CPU
		{9421D59E-9922-43A9-8B54-ABB83F6BA55D}.Release|Any CPU.Build.0 = Release|Any CPU
		{63E324BE-43FE-4697-A5A9-78EC08387565}.Debug|Any CPU.ActiveCfg = Debug|Any CPU
		{63E324BE-43FE-4697-A5A9-78EC08387565}.Debug|Any CPU.Build.0 = Debug|Any CPU
		{63E324BE-43FE-4697-A5A9-78EC08387565}.Release|Any CPU.ActiveCfg = Release|Any CPU
		{63E324BE-43FE-4697-A5A9-78EC08387565}.Release|Any CPU.Build.0 = Release|Any CPU
		{3832B703-A12D-4789-A020-93397A958E89}.Debug|Any CPU.ActiveCfg = Debug|Any CPU
		{3832B703-A12D-4789-A020-93397A958E89}.Debug|Any CPU.Build.0 = Debug|Any CPU
		{3832B703-A12D-4789-A020-93397A958E89}.Release|Any CPU.ActiveCfg = Release|Any CPU
		{3832B703-A12D-4789-A020-93397A958E89}.Release|Any CPU.Build.0 = Release|Any CPU
		{49402976-A3DB-40DB-8792-09DF9E5C2A7C}.Debug|Any CPU.ActiveCfg = Debug|Any CPU
		{49402976-A3DB-40DB-8792-09DF9E5C2A7C}.Debug|Any CPU.Build.0 = Debug|Any CPU
		{49402976-A3DB-40DB-8792-09DF9E5C2A7C}.Release|Any CPU.ActiveCfg = Release|Any CPU
		{49402976-A3DB-40DB-8792-09DF9E5C2A7C}.Release|Any CPU.Build.0 = Release|Any CPU
		{601EBF96-CAD6-4203-B950-AF95B81AD2DF}.Debug|Any CPU.ActiveCfg = Debug|Any CPU
		{601EBF96-CAD6-4203-B950-AF95B81AD2DF}.Debug|Any CPU.Build.0 = Debug|Any CPU
		{601EBF96-CAD6-4203-B950-AF95B81AD2DF}.Release|Any CPU.ActiveCfg = Release|Any CPU
		{601EBF96-CAD6-4203-B950-AF95B81AD2DF}.Release|Any CPU.Build.0 = Release|Any CPU
		{5DAB2754-93BB-4062-AA23-46E92D904EB8}.Debug|Any CPU.ActiveCfg = Debug|Any CPU
		{5DAB2754-93BB-4062-AA23-46E92D904EB8}.Debug|Any CPU.Build.0 = Debug|Any CPU
		{5DAB2754-93BB-4062-AA23-46E92D904EB8}.Release|Any CPU.ActiveCfg = Release|Any CPU
		{5DAB2754-93BB-4062-AA23-46E92D904EB8}.Release|Any CPU.Build.0 = Release|Any CPU
		{C839413E-54B6-4815-B0B4-51D54A03D4BC}.Debug|Any CPU.ActiveCfg = Debug|Any CPU
		{C839413E-54B6-4815-B0B4-51D54A03D4BC}.Debug|Any CPU.Build.0 = Debug|Any CPU
		{C839413E-54B6-4815-B0B4-51D54A03D4BC}.Release|Any CPU.ActiveCfg = Release|Any CPU
		{C839413E-54B6-4815-B0B4-51D54A03D4BC}.Release|Any CPU.Build.0 = Release|Any CPU
	EndGlobalSection
	GlobalSection(SolutionProperties) = preSolution
		HideSolutionNode = FALSE
	EndGlobalSection
EndGlobal
