
Microsoft Visual Studio Solution File, Format Version 12.00
# Visual Studio 14
VisualStudioVersion = 14.0.23107.0
MinimumVisualStudioVersion = 10.0.40219.1
Project("{8BC9CEB8-8B4A-11D0-8D11-00A0C91BC942}") = "08.PrintTreeWithProvidedParameters", "TaskOne\TaskOne.vcxproj", "{CFC9FE6E-01F2-4E6F-85F8-57A51BA77745}"
EndProject
Project("{8BC9CEB8-8B4A-11D0-8D11-00A0C91BC942}") = "04.FibonacciNumbers", "FibonacciNumbers\FibonacciNumbers.vcxproj", "{E5740A6C-766F-4081-9874-34B306F73A7B}"
EndProject
Project("{8BC9CEB8-8B4A-11D0-8D11-00A0C91BC942}") = "21.SpiralMatrix", "SpiralMatrix\SpiralMatrix.vcxproj", "{ECA286D7-1BFC-4DD4-B163-19C3793F0D23}"
EndProject
Project("{8BC9CEB8-8B4A-11D0-8D11-00A0C91BC942}") = "22.IBAN-Validator", "IBAN-Validator\IBAN-Validator.vcxproj", "{402DA36C-EC11-4618-8A2B-8D85C12882DC}"
EndProject
Project("{8BC9CEB8-8B4A-11D0-8D11-00A0C91BC942}") = "01.Factorial", "Factorial\Factorial.vcxproj", "{FB0F4361-1796-4947-B7EA-F6CCE9B6704B}"
EndProject
Project("{8BC9CEB8-8B4A-11D0-8D11-00A0C91BC942}") = "02.FactorialDigitsCounter", "FactorialDigitsCounter\FactorialDigitsCounter.vcxproj", "{B0D47048-5792-4E08-8BD0-6124358A9834}"
EndProject
Project("{8BC9CEB8-8B4A-11D0-8D11-00A0C91BC942}") = "03.ValidSidesOfATriangle", "ValidSidesOfATriangle\ValidSidesOfATriangle.vcxproj", "{BEA57EBF-F319-42EF-AE93-A91928699C82}"
EndProject
Project("{8BC9CEB8-8B4A-11D0-8D11-00A0C91BC942}") = "07.PrintTreeWithConstParameters", "PrintTreeWithConstParameters\PrintTreeWithConstParameters.vcxproj", "{23906900-0D8F-4FD2-A20E-084522FAF973}"
EndProject
Project("{8BC9CEB8-8B4A-11D0-8D11-00A0C91BC942}") = "05.SumOfFibonacciNumbers", "SumOfFibonacciNumbers\SumOfFibonacciNumbers.vcxproj", "{92E43761-1505-46B6-B655-52C3F575EAFF}"
EndProject
Project("{8BC9CEB8-8B4A-11D0-8D11-00A0C91BC942}") = "10.PrimeChecker", "PrimeChecker\PrimeChecker.vcxproj", "{EA4A95B5-7433-4AA1-8A4B-A226AC3243A5}"
EndProject
Project("{8BC9CEB8-8B4A-11D0-8D11-00A0C91BC942}") = "11.PrimeNumberSequnce", "PrimeNumberSequnce\PrimeNumberSequnce.vcxproj", "{A3453019-26B9-4DB3-8971-85833270EC40}"
EndProject
Project("{8BC9CEB8-8B4A-11D0-8D11-00A0C91BC942}") = "HailstoneSequences", "HailstoneSequences\HailstoneSequences.vcxproj", "{A5A943A3-6200-49A6-9DD4-C1E2EF46DF3C}"
EndProject
Global
	GlobalSection(SolutionConfigurationPlatforms) = preSolution
		Debug|Any CPU = Debug|Any CPU
		Debug|x64 = Debug|x64
		Debug|x86 = Debug|x86
		Release|Any CPU = Release|Any CPU
		Release|x64 = Release|x64
		Release|x86 = Release|x86
	EndGlobalSection
	GlobalSection(ProjectConfigurationPlatforms) = postSolution
		{CFC9FE6E-01F2-4E6F-85F8-57A51BA77745}.Debug|Any CPU.ActiveCfg = Debug|Win32
		{CFC9FE6E-01F2-4E6F-85F8-57A51BA77745}.Debug|x64.ActiveCfg = Debug|x64
		{CFC9FE6E-01F2-4E6F-85F8-57A51BA77745}.Debug|x64.Build.0 = Debug|x64
		{CFC9FE6E-01F2-4E6F-85F8-57A51BA77745}.Debug|x86.ActiveCfg = Debug|Win32
		{CFC9FE6E-01F2-4E6F-85F8-57A51BA77745}.Debug|x86.Build.0 = Debug|Win32
		{CFC9FE6E-01F2-4E6F-85F8-57A51BA77745}.Release|Any CPU.ActiveCfg = Release|Win32
		{CFC9FE6E-01F2-4E6F-85F8-57A51BA77745}.Release|x64.ActiveCfg = Release|x64
		{CFC9FE6E-01F2-4E6F-85F8-57A51BA77745}.Release|x64.Build.0 = Release|x64
		{CFC9FE6E-01F2-4E6F-85F8-57A51BA77745}.Release|x86.ActiveCfg = Release|Win32
		{CFC9FE6E-01F2-4E6F-85F8-57A51BA77745}.Release|x86.Build.0 = Release|Win32
		{E5740A6C-766F-4081-9874-34B306F73A7B}.Debug|Any CPU.ActiveCfg = Debug|Win32
		{E5740A6C-766F-4081-9874-34B306F73A7B}.Debug|x64.ActiveCfg = Debug|x64
		{E5740A6C-766F-4081-9874-34B306F73A7B}.Debug|x64.Build.0 = Debug|x64
		{E5740A6C-766F-4081-9874-34B306F73A7B}.Debug|x86.ActiveCfg = Debug|Win32
		{E5740A6C-766F-4081-9874-34B306F73A7B}.Debug|x86.Build.0 = Debug|Win32
		{E5740A6C-766F-4081-9874-34B306F73A7B}.Release|Any CPU.ActiveCfg = Release|Win32
		{E5740A6C-766F-4081-9874-34B306F73A7B}.Release|x64.ActiveCfg = Release|x64
		{E5740A6C-766F-4081-9874-34B306F73A7B}.Release|x64.Build.0 = Release|x64
		{E5740A6C-766F-4081-9874-34B306F73A7B}.Release|x86.ActiveCfg = Release|Win32
		{E5740A6C-766F-4081-9874-34B306F73A7B}.Release|x86.Build.0 = Release|Win32
		{ECA286D7-1BFC-4DD4-B163-19C3793F0D23}.Debug|Any CPU.ActiveCfg = Debug|Win32
		{ECA286D7-1BFC-4DD4-B163-19C3793F0D23}.Debug|x64.ActiveCfg = Debug|x64
		{ECA286D7-1BFC-4DD4-B163-19C3793F0D23}.Debug|x64.Build.0 = Debug|x64
		{ECA286D7-1BFC-4DD4-B163-19C3793F0D23}.Debug|x86.ActiveCfg = Debug|Win32
		{ECA286D7-1BFC-4DD4-B163-19C3793F0D23}.Debug|x86.Build.0 = Debug|Win32
		{ECA286D7-1BFC-4DD4-B163-19C3793F0D23}.Release|Any CPU.ActiveCfg = Release|Win32
		{ECA286D7-1BFC-4DD4-B163-19C3793F0D23}.Release|x64.ActiveCfg = Release|x64
		{ECA286D7-1BFC-4DD4-B163-19C3793F0D23}.Release|x64.Build.0 = Release|x64
		{ECA286D7-1BFC-4DD4-B163-19C3793F0D23}.Release|x86.ActiveCfg = Release|Win32
		{ECA286D7-1BFC-4DD4-B163-19C3793F0D23}.Release|x86.Build.0 = Release|Win32
		{402DA36C-EC11-4618-8A2B-8D85C12882DC}.Debug|Any CPU.ActiveCfg = Debug|Win32
		{402DA36C-EC11-4618-8A2B-8D85C12882DC}.Debug|x64.ActiveCfg = Debug|x64
		{402DA36C-EC11-4618-8A2B-8D85C12882DC}.Debug|x64.Build.0 = Debug|x64
		{402DA36C-EC11-4618-8A2B-8D85C12882DC}.Debug|x86.ActiveCfg = Debug|Win32
		{402DA36C-EC11-4618-8A2B-8D85C12882DC}.Debug|x86.Build.0 = Debug|Win32
		{402DA36C-EC11-4618-8A2B-8D85C12882DC}.Release|Any CPU.ActiveCfg = Release|Win32
		{402DA36C-EC11-4618-8A2B-8D85C12882DC}.Release|x64.ActiveCfg = Release|x64
		{402DA36C-EC11-4618-8A2B-8D85C12882DC}.Release|x64.Build.0 = Release|x64
		{402DA36C-EC11-4618-8A2B-8D85C12882DC}.Release|x86.ActiveCfg = Release|Win32
		{402DA36C-EC11-4618-8A2B-8D85C12882DC}.Release|x86.Build.0 = Release|Win32
		{FB0F4361-1796-4947-B7EA-F6CCE9B6704B}.Debug|Any CPU.ActiveCfg = Debug|Win32
		{FB0F4361-1796-4947-B7EA-F6CCE9B6704B}.Debug|x64.ActiveCfg = Debug|x64
		{FB0F4361-1796-4947-B7EA-F6CCE9B6704B}.Debug|x64.Build.0 = Debug|x64
		{FB0F4361-1796-4947-B7EA-F6CCE9B6704B}.Debug|x86.ActiveCfg = Debug|Win32
		{FB0F4361-1796-4947-B7EA-F6CCE9B6704B}.Debug|x86.Build.0 = Debug|Win32
		{FB0F4361-1796-4947-B7EA-F6CCE9B6704B}.Release|Any CPU.ActiveCfg = Release|Win32
		{FB0F4361-1796-4947-B7EA-F6CCE9B6704B}.Release|x64.ActiveCfg = Release|x64
		{FB0F4361-1796-4947-B7EA-F6CCE9B6704B}.Release|x64.Build.0 = Release|x64
		{FB0F4361-1796-4947-B7EA-F6CCE9B6704B}.Release|x86.ActiveCfg = Release|Win32
		{FB0F4361-1796-4947-B7EA-F6CCE9B6704B}.Release|x86.Build.0 = Release|Win32
		{B0D47048-5792-4E08-8BD0-6124358A9834}.Debug|Any CPU.ActiveCfg = Debug|Win32
		{B0D47048-5792-4E08-8BD0-6124358A9834}.Debug|x64.ActiveCfg = Debug|x64
		{B0D47048-5792-4E08-8BD0-6124358A9834}.Debug|x64.Build.0 = Debug|x64
		{B0D47048-5792-4E08-8BD0-6124358A9834}.Debug|x86.ActiveCfg = Debug|Win32
		{B0D47048-5792-4E08-8BD0-6124358A9834}.Debug|x86.Build.0 = Debug|Win32
		{B0D47048-5792-4E08-8BD0-6124358A9834}.Release|Any CPU.ActiveCfg = Release|Win32
		{B0D47048-5792-4E08-8BD0-6124358A9834}.Release|x64.ActiveCfg = Release|x64
		{B0D47048-5792-4E08-8BD0-6124358A9834}.Release|x64.Build.0 = Release|x64
		{B0D47048-5792-4E08-8BD0-6124358A9834}.Release|x86.ActiveCfg = Release|Win32
		{B0D47048-5792-4E08-8BD0-6124358A9834}.Release|x86.Build.0 = Release|Win32
		{BEA57EBF-F319-42EF-AE93-A91928699C82}.Debug|Any CPU.ActiveCfg = Debug|Win32
		{BEA57EBF-F319-42EF-AE93-A91928699C82}.Debug|x64.ActiveCfg = Debug|x64
		{BEA57EBF-F319-42EF-AE93-A91928699C82}.Debug|x64.Build.0 = Debug|x64
		{BEA57EBF-F319-42EF-AE93-A91928699C82}.Debug|x86.ActiveCfg = Debug|Win32
		{BEA57EBF-F319-42EF-AE93-A91928699C82}.Debug|x86.Build.0 = Debug|Win32
		{BEA57EBF-F319-42EF-AE93-A91928699C82}.Release|Any CPU.ActiveCfg = Release|Win32
		{BEA57EBF-F319-42EF-AE93-A91928699C82}.Release|x64.ActiveCfg = Release|x64
		{BEA57EBF-F319-42EF-AE93-A91928699C82}.Release|x64.Build.0 = Release|x64
		{BEA57EBF-F319-42EF-AE93-A91928699C82}.Release|x86.ActiveCfg = Release|Win32
		{BEA57EBF-F319-42EF-AE93-A91928699C82}.Release|x86.Build.0 = Release|Win32
		{23906900-0D8F-4FD2-A20E-084522FAF973}.Debug|Any CPU.ActiveCfg = Debug|Win32
		{23906900-0D8F-4FD2-A20E-084522FAF973}.Debug|x64.ActiveCfg = Debug|x64
		{23906900-0D8F-4FD2-A20E-084522FAF973}.Debug|x64.Build.0 = Debug|x64
		{23906900-0D8F-4FD2-A20E-084522FAF973}.Debug|x86.ActiveCfg = Debug|Win32
		{23906900-0D8F-4FD2-A20E-084522FAF973}.Debug|x86.Build.0 = Debug|Win32
		{23906900-0D8F-4FD2-A20E-084522FAF973}.Release|Any CPU.ActiveCfg = Release|Win32
		{23906900-0D8F-4FD2-A20E-084522FAF973}.Release|x64.ActiveCfg = Release|x64
		{23906900-0D8F-4FD2-A20E-084522FAF973}.Release|x64.Build.0 = Release|x64
		{23906900-0D8F-4FD2-A20E-084522FAF973}.Release|x86.ActiveCfg = Release|Win32
		{23906900-0D8F-4FD2-A20E-084522FAF973}.Release|x86.Build.0 = Release|Win32
		{92E43761-1505-46B6-B655-52C3F575EAFF}.Debug|Any CPU.ActiveCfg = Debug|Win32
		{92E43761-1505-46B6-B655-52C3F575EAFF}.Debug|x64.ActiveCfg = Debug|x64
		{92E43761-1505-46B6-B655-52C3F575EAFF}.Debug|x64.Build.0 = Debug|x64
		{92E43761-1505-46B6-B655-52C3F575EAFF}.Debug|x86.ActiveCfg = Debug|Win32
		{92E43761-1505-46B6-B655-52C3F575EAFF}.Debug|x86.Build.0 = Debug|Win32
		{92E43761-1505-46B6-B655-52C3F575EAFF}.Release|Any CPU.ActiveCfg = Release|Win32
		{92E43761-1505-46B6-B655-52C3F575EAFF}.Release|x64.ActiveCfg = Release|x64
		{92E43761-1505-46B6-B655-52C3F575EAFF}.Release|x64.Build.0 = Release|x64
		{92E43761-1505-46B6-B655-52C3F575EAFF}.Release|x86.ActiveCfg = Release|Win32
		{92E43761-1505-46B6-B655-52C3F575EAFF}.Release|x86.Build.0 = Release|Win32
		{EA4A95B5-7433-4AA1-8A4B-A226AC3243A5}.Debug|Any CPU.ActiveCfg = Debug|Win32
		{EA4A95B5-7433-4AA1-8A4B-A226AC3243A5}.Debug|x64.ActiveCfg = Debug|x64
		{EA4A95B5-7433-4AA1-8A4B-A226AC3243A5}.Debug|x64.Build.0 = Debug|x64
		{EA4A95B5-7433-4AA1-8A4B-A226AC3243A5}.Debug|x86.ActiveCfg = Debug|Win32
		{EA4A95B5-7433-4AA1-8A4B-A226AC3243A5}.Debug|x86.Build.0 = Debug|Win32
		{EA4A95B5-7433-4AA1-8A4B-A226AC3243A5}.Release|Any CPU.ActiveCfg = Release|Win32
		{EA4A95B5-7433-4AA1-8A4B-A226AC3243A5}.Release|x64.ActiveCfg = Release|x64
		{EA4A95B5-7433-4AA1-8A4B-A226AC3243A5}.Release|x64.Build.0 = Release|x64
		{EA4A95B5-7433-4AA1-8A4B-A226AC3243A5}.Release|x86.ActiveCfg = Release|Win32
		{EA4A95B5-7433-4AA1-8A4B-A226AC3243A5}.Release|x86.Build.0 = Release|Win32
		{A3453019-26B9-4DB3-8971-85833270EC40}.Debug|Any CPU.ActiveCfg = Debug|Win32
		{A3453019-26B9-4DB3-8971-85833270EC40}.Debug|x64.ActiveCfg = Debug|x64
		{A3453019-26B9-4DB3-8971-85833270EC40}.Debug|x64.Build.0 = Debug|x64
		{A3453019-26B9-4DB3-8971-85833270EC40}.Debug|x86.ActiveCfg = Debug|Win32
		{A3453019-26B9-4DB3-8971-85833270EC40}.Debug|x86.Build.0 = Debug|Win32
		{A3453019-26B9-4DB3-8971-85833270EC40}.Release|Any CPU.ActiveCfg = Release|Win32
		{A3453019-26B9-4DB3-8971-85833270EC40}.Release|x64.ActiveCfg = Release|x64
		{A3453019-26B9-4DB3-8971-85833270EC40}.Release|x64.Build.0 = Release|x64
		{A3453019-26B9-4DB3-8971-85833270EC40}.Release|x86.ActiveCfg = Release|Win32
		{A3453019-26B9-4DB3-8971-85833270EC40}.Release|x86.Build.0 = Release|Win32
		{A5A943A3-6200-49A6-9DD4-C1E2EF46DF3C}.Debug|Any CPU.ActiveCfg = Debug|Win32
		{A5A943A3-6200-49A6-9DD4-C1E2EF46DF3C}.Debug|x64.ActiveCfg = Debug|x64
		{A5A943A3-6200-49A6-9DD4-C1E2EF46DF3C}.Debug|x64.Build.0 = Debug|x64
		{A5A943A3-6200-49A6-9DD4-C1E2EF46DF3C}.Debug|x86.ActiveCfg = Debug|Win32
		{A5A943A3-6200-49A6-9DD4-C1E2EF46DF3C}.Debug|x86.Build.0 = Debug|Win32
		{A5A943A3-6200-49A6-9DD4-C1E2EF46DF3C}.Release|Any CPU.ActiveCfg = Release|Win32
		{A5A943A3-6200-49A6-9DD4-C1E2EF46DF3C}.Release|x64.ActiveCfg = Release|x64
		{A5A943A3-6200-49A6-9DD4-C1E2EF46DF3C}.Release|x64.Build.0 = Release|x64
		{A5A943A3-6200-49A6-9DD4-C1E2EF46DF3C}.Release|x86.ActiveCfg = Release|Win32
		{A5A943A3-6200-49A6-9DD4-C1E2EF46DF3C}.Release|x86.Build.0 = Release|Win32
	EndGlobalSection
	GlobalSection(SolutionProperties) = preSolution
		HideSolutionNode = FALSE
	EndGlobalSection
EndGlobal
